
Microsoft Visual Studio Solution File, Format Version 12.00
# Visual Studio 15
VisualStudioVersion = 15.0.26124.0
MinimumVisualStudioVersion = 15.0.26124.0
Project("{2150E333-8FDC-42A3-9474-1A3956D46DE8}") = "src", "src", "{D65D560D-2FBB-4EB4-897A-1885BDF44261}"
EndProject
Project("{FAE04EC0-301F-11D3-BF4B-00C04F79EFBC}") = "DateAndTime", "src\DateAndTime\DateAndTime.csproj", "{DA595B85-1B9E-4BDB-8DBC-6E0967F64E63}"
EndProject
Project("{2150E333-8FDC-42A3-9474-1A3956D46DE8}") = "SessionBuilder", "SessionBuilder", "{677E390E-3F93-44C3-A8AB-007F24E154F0}"
EndProject
Project("{FAE04EC0-301F-11D3-BF4B-00C04F79EFBC}") = "SessionBuilder.Core", "src\SessionBuilder\SessionBuilder.Core\SessionBuilder.Core.csproj", "{691D33CD-BB8A-4B48-8230-63C280CC18DE}"
EndProject
Project("{FAE04EC0-301F-11D3-BF4B-00C04F79EFBC}") = "SessionBuilder.Web", "src\SessionBuilder\SessionBuilder.Web\SessionBuilder.Web.csproj", "{29BFACAE-A6F2-4ACD-B192-DD52237FC980}"
EndProject
Project("{FAE04EC0-301F-11D3-BF4B-00C04F79EFBC}") = "UnixTimestamp", "src\UnixTimestamp\UnixTimestamp.csproj", "{DD5723F7-CE36-431C-9F90-ADE3E48F5D6E}"
EndProject
Global
	GlobalSection(SolutionConfigurationPlatforms) = preSolution
		Debug|Any CPU = Debug|Any CPU
		Debug|x64 = Debug|x64
		Debug|x86 = Debug|x86
		Release|Any CPU = Release|Any CPU
		Release|x64 = Release|x64
		Release|x86 = Release|x86
	EndGlobalSection
	GlobalSection(SolutionProperties) = preSolution
		HideSolutionNode = FALSE
	EndGlobalSection
	GlobalSection(ProjectConfigurationPlatforms) = postSolution
		{DA595B85-1B9E-4BDB-8DBC-6E0967F64E63}.Debug|Any CPU.ActiveCfg = Debug|Any CPU
		{DA595B85-1B9E-4BDB-8DBC-6E0967F64E63}.Debug|Any CPU.Build.0 = Debug|Any CPU
		{DA595B85-1B9E-4BDB-8DBC-6E0967F64E63}.Debug|x64.ActiveCfg = Debug|Any CPU
		{DA595B85-1B9E-4BDB-8DBC-6E0967F64E63}.Debug|x64.Build.0 = Debug|Any CPU
		{DA595B85-1B9E-4BDB-8DBC-6E0967F64E63}.Debug|x86.ActiveCfg = Debug|Any CPU
		{DA595B85-1B9E-4BDB-8DBC-6E0967F64E63}.Debug|x86.Build.0 = Debug|Any CPU
		{DA595B85-1B9E-4BDB-8DBC-6E0967F64E63}.Release|Any CPU.ActiveCfg = Release|Any CPU
		{DA595B85-1B9E-4BDB-8DBC-6E0967F64E63}.Release|Any CPU.Build.0 = Release|Any CPU
		{DA595B85-1B9E-4BDB-8DBC-6E0967F64E63}.Release|x64.ActiveCfg = Release|Any CPU
		{DA595B85-1B9E-4BDB-8DBC-6E0967F64E63}.Release|x64.Build.0 = Release|Any CPU
		{DA595B85-1B9E-4BDB-8DBC-6E0967F64E63}.Release|x86.ActiveCfg = Release|Any CPU
		{DA595B85-1B9E-4BDB-8DBC-6E0967F64E63}.Release|x86.Build.0 = Release|Any CPU
		{691D33CD-BB8A-4B48-8230-63C280CC18DE}.Debug|Any CPU.ActiveCfg = Debug|Any CPU
		{691D33CD-BB8A-4B48-8230-63C280CC18DE}.Debug|Any CPU.Build.0 = Debug|Any CPU
		{691D33CD-BB8A-4B48-8230-63C280CC18DE}.Debug|x64.ActiveCfg = Debug|Any CPU
		{691D33CD-BB8A-4B48-8230-63C280CC18DE}.Debug|x64.Build.0 = Debug|Any CPU
		{691D33CD-BB8A-4B48-8230-63C280CC18DE}.Debug|x86.ActiveCfg = Debug|Any CPU
		{691D33CD-BB8A-4B48-8230-63C280CC18DE}.Debug|x86.Build.0 = Debug|Any CPU
		{691D33CD-BB8A-4B48-8230-63C280CC18DE}.Release|Any CPU.ActiveCfg = Release|Any CPU
		{691D33CD-BB8A-4B48-8230-63C280CC18DE}.Release|Any CPU.Build.0 = Release|Any CPU
		{691D33CD-BB8A-4B48-8230-63C280CC18DE}.Release|x64.ActiveCfg = Release|Any CPU
		{691D33CD-BB8A-4B48-8230-63C280CC18DE}.Release|x64.Build.0 = Release|Any CPU
		{691D33CD-BB8A-4B48-8230-63C280CC18DE}.Release|x86.ActiveCfg = Release|Any CPU
		{691D33CD-BB8A-4B48-8230-63C280CC18DE}.Release|x86.Build.0 = Release|Any CPU
		{29BFACAE-A6F2-4ACD-B192-DD52237FC980}.Debug|Any CPU.ActiveCfg = Debug|Any CPU
		{29BFACAE-A6F2-4ACD-B192-DD52237FC980}.Debug|Any CPU.Build.0 = Debug|Any CPU
		{29BFACAE-A6F2-4ACD-B192-DD52237FC980}.Debug|x64.ActiveCfg = Debug|Any CPU
		{29BFACAE-A6F2-4ACD-B192-DD52237FC980}.Debug|x64.Build.0 = Debug|Any CPU
		{29BFACAE-A6F2-4ACD-B192-DD52237FC980}.Debug|x86.ActiveCfg = Debug|Any CPU
		{29BFACAE-A6F2-4ACD-B192-DD52237FC980}.Debug|x86.Build.0 = Debug|Any CPU
		{29BFACAE-A6F2-4ACD-B192-DD52237FC980}.Release|Any CPU.ActiveCfg = Release|Any CPU
		{29BFACAE-A6F2-4ACD-B192-DD52237FC980}.Release|Any CPU.Build.0 = Release|Any CPU
		{29BFACAE-A6F2-4ACD-B192-DD52237FC980}.Release|x64.ActiveCfg = Release|Any CPU
		{29BFACAE-A6F2-4ACD-B192-DD52237FC980}.Release|x64.Build.0 = Release|Any CPU
		{29BFACAE-A6F2-4ACD-B192-DD52237FC980}.Release|x86.ActiveCfg = Release|Any CPU
		{29BFACAE-A6F2-4ACD-B192-DD52237FC980}.Release|x86.Build.0 = Release|Any CPU
		{DD5723F7-CE36-431C-9F90-ADE3E48F5D6E}.Debug|Any CPU.ActiveCfg = Debug|Any CPU
		{DD5723F7-CE36-431C-9F90-ADE3E48F5D6E}.Debug|Any CPU.Build.0 = Debug|Any CPU
		{DD5723F7-CE36-431C-9F90-ADE3E48F5D6E}.Debug|x64.ActiveCfg = Debug|Any CPU
		{DD5723F7-CE36-431C-9F90-ADE3E48F5D6E}.Debug|x64.Build.0 = Debug|Any CPU
		{DD5723F7-CE36-431C-9F90-ADE3E48F5D6E}.Debug|x86.ActiveCfg = Debug|Any CPU
		{DD5723F7-CE36-431C-9F90-ADE3E48F5D6E}.Debug|x86.Build.0 = Debug|Any CPU
		{DD5723F7-CE36-431C-9F90-ADE3E48F5D6E}.Release|Any CPU.ActiveCfg = Release|Any CPU
		{DD5723F7-CE36-431C-9F90-ADE3E48F5D6E}.Release|Any CPU.Build.0 = Release|Any CPU
		{DD5723F7-CE36-431C-9F90-ADE3E48F5D6E}.Release|x64.ActiveCfg = Release|Any CPU
		{DD5723F7-CE36-431C-9F90-ADE3E48F5D6E}.Release|x64.Build.0 = Release|Any CPU
		{DD5723F7-CE36-431C-9F90-ADE3E48F5D6E}.Release|x86.ActiveCfg = Release|Any CPU
		{DD5723F7-CE36-431C-9F90-ADE3E48F5D6E}.Release|x86.Build.0 = Release|Any CPU
	EndGlobalSection
	GlobalSection(NestedProjects) = preSolution
		{DA595B85-1B9E-4BDB-8DBC-6E0967F64E63} = {D65D560D-2FBB-4EB4-897A-1885BDF44261}
		{677E390E-3F93-44C3-A8AB-007F24E154F0} = {D65D560D-2FBB-4EB4-897A-1885BDF44261}
		{691D33CD-BB8A-4B48-8230-63C280CC18DE} = {677E390E-3F93-44C3-A8AB-007F24E154F0}
		{29BFACAE-A6F2-4ACD-B192-DD52237FC980} = {677E390E-3F93-44C3-A8AB-007F24E154F0}
		{DD5723F7-CE36-431C-9F90-ADE3E48F5D6E} = {D65D560D-2FBB-4EB4-897A-1885BDF44261}
	EndGlobalSection
EndGlobal
